
Microsoft Visual Studio Solution File, Format Version 12.00
# Visual Studio Version 17
VisualStudioVersion = 17.4.33205.214
MinimumVisualStudioVersion = 10.0.40219.1
Project("{FAE04EC0-301F-11D3-BF4B-00C04F79EFBC}") = "OBHomework01", "OBHomework01\OBHomework01.csproj", "{1A4A1111-A825-4CA9-AF59-A14F80B23547}"
EndProject
Global
	GlobalSection(SolutionConfigurationPlatforms) = preSolution
		Debug|Any CPU = Debug|Any CPU
		Release|Any CPU = Release|Any CPU
	EndGlobalSection
	GlobalSection(ProjectConfigurationPlatforms) = postSolution
		{1A4A1111-A825-4CA9-AF59-A14F80B23547}.Debug|Any CPU.ActiveCfg = Debug|Any CPU
		{1A4A1111-A825-4CA9-AF59-A14F80B23547}.Debug|Any CPU.Build.0 = Debug|Any CPU
		{1A4A1111-A825-4CA9-AF59-A14F80B23547}.Release|Any CPU.ActiveCfg = Release|Any CPU
		{1A4A1111-A825-4CA9-AF59-A14F80B23547}.Release|Any CPU.Build.0 = Release|Any CPU
	EndGlobalSection
	GlobalSection(SolutionProperties) = preSolution
		HideSolutionNode = FALSE
	EndGlobalSection
	GlobalSection(ExtensibilityGlobals) = postSolution
		SolutionGuid = {B265D80A-D0B4-4F58-B42E-6E8AC4C439E0}
	EndGlobalSection
EndGlobal
